
Microsoft Visual Studio Solution File, Format Version 12.00
# Visual Studio Version 16
VisualStudioVersion = 16.0.33027.164
MinimumVisualStudioVersion = 10.0.40219.1
Project("{FAE04EC0-301F-11D3-BF4B-00C04F79EFBC}") = "WebDACS", "WebDACS\WebDACS.csproj", "{458B2136-68B7-41E0-BA66-B444460D302C}"
EndProject
Global
	GlobalSection(SolutionConfigurationPlatforms) = preSolution
		Debug|Any CPU = Debug|Any CPU
		Release|Any CPU = Release|Any CPU
	EndGlobalSection
	GlobalSection(ProjectConfigurationPlatforms) = postSolution
		{458B2136-68B7-41E0-BA66-B444460D302C}.Debug|Any CPU.ActiveCfg = Debug|Any CPU
		{458B2136-68B7-41E0-BA66-B444460D302C}.Debug|Any CPU.Build.0 = Debug|Any CPU
		{458B2136-68B7-41E0-BA66-B444460D302C}.Release|Any CPU.ActiveCfg = Release|Any CPU
		{458B2136-68B7-41E0-BA66-B444460D302C}.Release|Any CPU.Build.0 = Release|Any CPU
	EndGlobalSection
	GlobalSection(SolutionProperties) = preSolution
		HideSolutionNode = FALSE
	EndGlobalSection
	GlobalSection(ExtensibilityGlobals) = postSolution
		SolutionGuid = {944EC963-5829-470B-BF3E-F01EFDC4249D}
	EndGlobalSection
EndGlobal
